# THIS IS AN AUTOGENERATED FILE. DO NOT EDIT THIS FILE DIRECTLY.
# yarn lockfile v1


"@faker-js/faker@^8.0.2":
  version "8.0.2"
  resolved "https://registry.npmjs.org/@faker-js/faker/-/faker-8.0.2.tgz"
  integrity sha512-Uo3pGspElQW91PCvKSIAXoEgAUlRnH29sX2/p89kg7sP1m2PzCufHINd0FhTXQf6DYGiUlVncdSPa2F9wxed2A==

"@types/node@^20.4.9":
  version "20.4.9"
  resolved "https://registry.npmjs.org/@types/node/-/node-20.4.9.tgz"
  integrity sha512-8e2HYcg7ohnTUbHk8focoklEQYvemQmu9M/f43DZVx43kHn0tE3BY/6gSDxS7k0SprtS0NHvj+L80cGLnoOUcQ==

"@types/user-agents@^1.0.2":
  version "1.0.2"
  resolved "https://registry.npmjs.org/@types/user-agents/-/user-agents-1.0.2.tgz"
  integrity sha512-WOoL2UJTI6RxV8RB2kS3ZhxjjijI5G1i7mgU7mtlm4LsC1XGCfiV56h+GV4VZnAUkkkLQ4gbFGR/dggT01n0RA==

agent-base@^7.0.1, agent-base@^7.0.2:
  version "7.1.0"
  resolved "https://registry.npmjs.org/agent-base/-/agent-base-7.1.0.tgz"
  integrity sha512-o/zjMZRhJxny7OyEF+Op8X+efiELC7k7yOjMzgfzVqOzXqkBkWI79YoTdOtsuWd5BWhAGAuOY/Xa6xpiaWXiNg==
  dependencies:
    debug "^4.3.4"

asynckit@^0.4.0:
  version "0.4.0"
  resolved "https://registry.npmjs.org/asynckit/-/asynckit-0.4.0.tgz"
  integrity sha512-Oei9OH4tRh0YqU3GxhX79dM/mwVgvbZJaSNaRk+bshkj0S5cfHcgYakreBjrHwatXKbz+IoIdYLxrKim2MjW0Q==

axios@^1.3.3, axios@^1.4.0:
  version "1.4.0"
  resolved "https://registry.npmjs.org/axios/-/axios-1.4.0.tgz"
  integrity sha512-S4XCWMEmzvo64T9GfvQDOXgYRDJ/wsSZc7Jvdgx5u1sd0JwsuPLqb3SYmusag+edF6ziyMensPVqLTSc1PiSEA==
  dependencies:
    follow-redirects "^1.15.0"
    form-data "^4.0.0"
    proxy-from-env "^1.1.0"

combined-stream@^1.0.8:
  version "1.0.8"
  resolved "https://registry.npmjs.org/combined-stream/-/combined-stream-1.0.8.tgz"
  integrity sha512-FQN4MRfuJeHf7cBbBMJFXhKSDq+2kAArBlmRBvcvFE5BB1HZKXtSFASDhdlz9zOYwxh8lDdnvmMOe/+5cdoEdg==
  dependencies:
    delayed-stream "~1.0.0"

csv-writer@^1.6.0:
  version "1.6.0"
  resolved "https://registry.npmjs.org/csv-writer/-/csv-writer-1.6.0.tgz"
  integrity sha512-NOx7YDFWEsM/fTRAJjRpPp8t+MKRVvniAg9wQlUKx20MFrPs73WLJhFf5iteqrxNYnsy924K3Iroh3yNHeYd2g==

debug@^4.3.4, debug@4:
  version "4.3.4"
  resolved "https://registry.npmjs.org/debug/-/debug-4.3.4.tgz"
  integrity sha512-PRWFHuSU3eDtQJPvnNY7Jcket1j0t5OuOsFzPPzsekD52Zl8qUfFIPEiswXqIvHWGVHOgX+7G/vCNNhehwxfkQ==
  dependencies:
    ms "2.1.2"

delayed-stream@~1.0.0:
  version "1.0.0"
  resolved "https://registry.npmjs.org/delayed-stream/-/delayed-stream-1.0.0.tgz"
  integrity sha512-ZySD7Nf91aLB0RxL4KGrKHBXl7Eds1DAmEdcoVawXnLD7SDhpNgtuII2aAkg7a7QS41jxPSZ17p4VdGnMHk3MQ==

detect-indent@~6.0.0:
  version "6.0.0"
  resolved "https://registry.npmjs.org/detect-indent/-/detect-indent-6.0.0.tgz"
  integrity sha512-oSyFlqaTHCItVRGK5RmrmjB+CmaMOW7IaNA/kdxqhoa6d17j/5ce9O9eWXmV/KEdRwqpQA+Vqe8a8Bsybu4YnA==

docopt@~0.6.2:
  version "0.6.2"
  resolved "https://registry.npmjs.org/docopt/-/docopt-0.6.2.tgz"
  integrity sha512-NqTbaYeE4gA/wU1hdKFdU+AFahpDOpgGLzHP42k6H6DKExJd0A55KEVWYhL9FEmHmgeLvEU2vuKXDuU+4yToOw==

dot-json@^1.3.0:
  version "1.3.0"
  resolved "https://registry.npmjs.org/dot-json/-/dot-json-1.3.0.tgz"
  integrity sha512-Pu11Prog/Yjf2lBICow82/DSV46n3a2XT1Rqt/CeuhkO1fuacF7xydYhI0SwQx2Ue0jCyLtQzgKPFEO6ewv+bQ==
  dependencies:
    detect-indent "~6.0.0"
    docopt "~0.6.2"
    underscore-keypath "~0.0.22"

follow-redirects@^1.15.0:
  version "1.15.2"
  resolved "https://registry.npmjs.org/follow-redirects/-/follow-redirects-1.15.2.tgz"
  integrity sha512-VQLG33o04KaQ8uYi2tVNbdrWp1QWxNNea+nmIB4EVM28v0hmP17z7aG1+wAkNzVq4KeXTq3221ye5qTJP91JwA==

form-data@^4.0.0:
  version "4.0.0"
  resolved "https://registry.npmjs.org/form-data/-/form-data-4.0.0.tgz"
  integrity sha512-ETEklSGi5t0QMZuiXoA/Q6vcnxcLQP5vdugSpuAyi6SVGi2clPPp+xgEhuMaHC+zGgn31Kd235W35f7Hykkaww==
  dependencies:
    asynckit "^0.4.0"
    combined-stream "^1.0.8"
    mime-types "^2.1.12"

generate-password@^1.7.0:
  version "1.7.0"
  resolved "https://registry.npmjs.org/generate-password/-/generate-password-1.7.0.tgz"
  integrity sha512-WPCtlfy0jexf7W5IbwxGUgpIDvsZIohbI2DAq2Q6TSlKKis+G4GT9sxvPxrZUGL8kP6WUXMWNqYnxY6DDKAdFA==

https-proxy-agent@^7.0.1:
  version "7.0.1"
  resolved "https://registry.npmjs.org/https-proxy-agent/-/https-proxy-agent-7.0.1.tgz"
  integrity sha512-Eun8zV0kcYS1g19r78osiQLEFIRspRUDd9tIfBCTBPBeMieF/EsJNL8VI3xOIdYRDEkjQnqOYPsZ2DsWsVsFwQ==
  dependencies:
    agent-base "^7.0.2"
    debug "4"

ip@^2.0.0:
  version "2.0.0"
  resolved "https://registry.npmjs.org/ip/-/ip-2.0.0.tgz"
  integrity sha512-WKa+XuLG1A1R0UWhl2+1XQSi+fZWMsYKffMZTTYsiZaUD8k2yDAj5atimTUD2TZkyCkNEeYE5NhFZmupOGtjYQ==

lodash.clonedeep@^4.5.0:
  version "4.5.0"
  resolved "https://registry.npmjs.org/lodash.clonedeep/-/lodash.clonedeep-4.5.0.tgz"
  integrity sha512-H5ZhCF25riFd9uB5UCkVKo61m3S/xZk1x4wA6yp/L3RFP6Z/eHH1ymQcGLo7J3GMPfm0V/7m1tryHuGVxpqEBQ==

mime-db@1.52.0:
  version "1.52.0"
  resolved "https://registry.npmjs.org/mime-db/-/mime-db-1.52.0.tgz"
  integrity sha512-sPU4uV7dYlvtWJxwwxHD0PuihVNiE7TyAbQ5SWxDCB9mUYvOgroQOwYQQOKPJ8CIbE+1ETVlOoK1UC2nU3gYvg==

mime-types@^2.1.12:
  version "2.1.35"
  resolved "https://registry.npmjs.org/mime-types/-/mime-types-2.1.35.tgz"
  integrity sha512-ZDY+bPm5zTTF+YpCrAU9nK0UgICYPT0QtT1NZWFv4s++TNkcgVaT0g6+4R2uI4MjQjzysHB1zxuWL50hzaeXiw==
  dependencies:
    mime-db "1.52.0"

ms@2.1.2:
  version "2.1.2"
  resolved "https://registry.npmjs.org/ms/-/ms-2.1.2.tgz"
  integrity sha512-sGkPx+VjMtmA6MX27oA4FBFELFCZZ4S4XqeGOXCv68tT+jb3vk/RyaKWP0PTKyWtmLSM0b+adUTEvbs1PEaH2w==

node-capmonster@^0.4.2:
  version "0.4.2"
  resolved "https://registry.npmjs.org/node-capmonster/-/node-capmonster-0.4.2.tgz"
  integrity sha512-+1rLmPaplHZPSGcDnnmqT57U8v2v+uLTUrZ5sMIKuo2Mjh80q/DuXUevWAagfs5nfn76SHJoQMvUVhOxC7OCDA==
  dependencies:
    axios "^1.3.3"

proxy-from-env@^1.1.0:
  version "1.1.0"
  resolved "https://registry.npmjs.org/proxy-from-env/-/proxy-from-env-1.1.0.tgz"
  integrity sha512-D+zkORCbA9f1tdWRK0RaCR3GPv50cMxcrz4X8k5LTSUD1Dkw47mKJEZQNunItRTkWwgtaUSo1RVFRIG9ZXiFYg==

readline-sync@^1.4.10:
  version "1.4.10"
  resolved "https://registry.npmjs.org/readline-sync/-/readline-sync-1.4.10.tgz"
  integrity sha512-gNva8/6UAe8QYepIQH/jQ2qn91Qj0B9sYjMBBs3QOB8F2CXcKgLxQaJRP76sWVRQt+QU+8fAkCbCvjjMFu7Ycw==

smart-buffer@^4.2.0:
  version "4.2.0"
  resolved "https://registry.npmjs.org/smart-buffer/-/smart-buffer-4.2.0.tgz"
  integrity sha512-94hK0Hh8rPqQl2xXc3HsaBoOXKV20MToPkcXvwbISWLEs+64sBq5kFgn2kJDHb1Pry9yrP0dxrCI9RRci7RXKg==

socks-proxy-agent@^8.0.1:
  version "8.0.1"
  resolved "https://registry.npmjs.org/socks-proxy-agent/-/socks-proxy-agent-8.0.1.tgz"
  integrity sha512-59EjPbbgg8U3x62hhKOFVAmySQUcfRQ4C7Q/D5sEHnZTQRrQlNKINks44DMR1gwXp0p4LaVIeccX2KHTTcHVqQ==
  dependencies:
    agent-base "^7.0.1"
    debug "^4.3.4"
    socks "^2.7.1"

socks@^2.7.1:
  version "2.7.1"
  resolved "https://registry.npmjs.org/socks/-/socks-2.7.1.tgz"
  integrity sha512-7maUZy1N7uo6+WVEX6psASxtNlKaNVMlGQKkG/63nEDdLOWNbiUMoLK7X4uYoLhQstau72mLgfEWcXcwsaHbYQ==
  dependencies:
    ip "^2.0.0"
    smart-buffer "^4.2.0"

underscore-keypath@~0.0.22:
  version "0.0.22"
  resolved "https://registry.npmjs.org/underscore-keypath/-/underscore-keypath-0.0.22.tgz"
  integrity sha512-fU7aYj1J2LQd+jqdQ67AlCOZKK3Pl+VErS8fGYcgZG75XB9/bY+RLM+F2xEcKHhHNtLvqqFyXAoZQlLYfec3Xg==
  dependencies:
    underscore "*"

underscore@*:
  version "1.13.6"
  resolved "https://registry.npmjs.org/underscore/-/underscore-1.13.6.tgz"
  integrity sha512-+A5Sja4HP1M08MaXya7p5LvjuM7K6q/2EaC0+iovj/wOcMsTzMvDFbasi/oSapiwOlt252IqsKqPjCl7huKS0A==

user-agents@^1.0.1444:
  version "1.0.1444"
  resolved "https://registry.npmjs.org/user-agents/-/user-agents-1.0.1444.tgz"
  integrity sha512-6WXJ0RZuUKgif1rW5FN02HnpoJ8EzH6COQoXCiVStZEVPz+YnAx3iA48etY3ZD4UwueYN9ALC7j4ayHvYEh7tA==
  dependencies:
    dot-json "^1.3.0"
    lodash.clonedeep "^4.5.0"
